# THIS IS AN AUTOGENERATED FILE. DO NOT EDIT THIS FILE DIRECTLY.
# yarn lockfile v1


"@arrows/array@^0.4.9":
  version "0.4.9"
  resolved "https://registry.yarnpkg.com/@arrows/array/-/array-0.4.9.tgz#20b6bf8b1314ac01801102cc809f5e24780f9a8a"
  integrity sha512-xuDbkXMpoeRJVIgljbUFaMAGIaOrMeu8RddxmLHnM9z3YCWNkGxcoA6EvKRwxoRg0VuaMlLbC7ztZD7I2lcCfA==

"@arrows/composition@^0.2.5":
  version "0.2.5"
  resolved "https://registry.yarnpkg.com/@arrows/composition/-/composition-0.2.5.tgz#246679fe2f23f144fa62452920642d46ce84392a"
  integrity sha512-ZJ2w5HPe+yIi0gx8qUKRPMYjoEf1TM0cY0eo073D12LnUuyRBGnfcsPOhIxa2sMcszP5iLr2vi865yO1gi646Q==
  dependencies:
    "@arrows/array" "^0.4.9"

"@arrows/multimethod@^0.8.5":
  version "0.8.5"
  resolved "https://registry.yarnpkg.com/@arrows/multimethod/-/multimethod-0.8.5.tgz#0b292c1ef2927b3946c69b9108545bbf24634131"
  integrity sha512-8u++R3RxRlEwIZqRCk4GAZe7FhzqsH1jG3/MK97jrijmiAIjONzjC6+PKj8bfte1FRGBnOi2FjWPJjw4GXIAyw==
  dependencies:
    "@arrows/array" "^0.4.9"
    "@arrows/composition" "^0.2.5"
    fast-deep-equal "^2.0.1"

fast-deep-equal@^2.0.1:
  version "2.0.1"
  resolved "https://registry.yarnpkg.com/fast-deep-equal/-/fast-deep-equal-2.0.1.tgz#7b05218ddf9667bf7f370bf7fdb2cb15fdd0aa49"
  integrity sha1-ewUhjd+WZ79/Nwv3/bLLFf3Qqkk=
